
Microsoft Visual Studio Solution File, Format Version 12.00
# Visual Studio Version 17
VisualStudioVersion = 17.6.33723.286
MinimumVisualStudioVersion = 10.0.40219.1
Project("{FAE04EC0-301F-11D3-BF4B-00C04F79EFBC}") = "MobiToPdf", "MobiToPdf\MobiToPdf.csproj", "{8D6A3DDC-8FE9-4022-AB77-FFADA411074A}"
EndProject
Global
	GlobalSection(SolutionConfigurationPlatforms) = preSolution
		Debug|Any CPU = Debug|Any CPU
		Release|Any CPU = Release|Any CPU
	EndGlobalSection
	GlobalSection(ProjectConfigurationPlatforms) = postSolution
		{8D6A3DDC-8FE9-4022-AB77-FFADA411074A}.Debug|Any CPU.ActiveCfg = Debug|Any CPU
		{8D6A3DDC-8FE9-4022-AB77-FFADA411074A}.Debug|Any CPU.Build.0 = Debug|Any CPU
		{8D6A3DDC-8FE9-4022-AB77-FFADA411074A}.Release|Any CPU.ActiveCfg = Release|Any CPU
		{8D6A3DDC-8FE9-4022-AB77-FFADA411074A}.Release|Any CPU.Build.0 = Release|Any CPU
	EndGlobalSection
	GlobalSection(SolutionProperties) = preSolution
		HideSolutionNode = FALSE
	EndGlobalSection
	GlobalSection(ExtensibilityGlobals) = postSolution
		SolutionGuid = {0DE1C77F-588C-4D8B-BC23-70DF46A7B9C3}
	EndGlobalSection
EndGlobal
